// !$*UTF8*$!
{
	archiveVersion = 1;
	classes = {
	};
	objectVersion = 46;
	objects = {

/* Begin PBXBuildFile section */
		0012D40E60939B14FB69AACC /* Pods_swift_ios_collections_lab.framework in Frameworks */ = {isa = PBXBuildFile; fileRef = D98211344EAD46AE8D794A00 /* Pods_swift_ios_collections_lab.framework */; };
		22856DA0CAED140F6F582F78 /* Pods_swift_ios_collections_labTests.framework in Frameworks */ = {isa = PBXBuildFile; fileRef = 9C0CC31664397FD0082EDF92 /* Pods_swift_ios_collections_labTests.framework */; };
		8F410E461D7FA8F700E89DCD /* AppDelegate.swift in Sources */ = {isa = PBXBuildFile; fileRef = 8F410E451D7FA8F700E89DCD /* AppDelegate.swift */; };
		8F410E481D7FA8F700E89DCD /* ViewController.swift in Sources */ = {isa = PBXBuildFile; fileRef = 8F410E471D7FA8F700E89DCD /* ViewController.swift */; };
		8F410E4B1D7FA8F700E89DCD /* Main.storyboard in Resources */ = {isa = PBXBuildFile; fileRef = 8F410E491D7FA8F700E89DCD /* Main.storyboard */; };
		8F410E4D1D7FA8F700E89DCD /* Assets.xcassets in Resources */ = {isa = PBXBuildFile; fileRef = 8F410E4C1D7FA8F700E89DCD /* Assets.xcassets */; };
		8F410E501D7FA8F700E89DCD /* LaunchScreen.storyboard in Resources */ = {isa = PBXBuildFile; fileRef = 8F410E4E1D7FA8F700E89DCD /* LaunchScreen.storyboard */; };
		8F410E5B1D7FA8F700E89DCD /* swift_ios_collections_labTests.swift in Sources */ = {isa = PBXBuildFile; fileRef = 8F410E5A1D7FA8F700E89DCD /* swift_ios_collections_labTests.swift */; };
/* End PBXBuildFile section */

/* Begin PBXContainerItemProxy section */
		8F410E571D7FA8F700E89DCD /* PBXContainerItemProxy */ = {
			isa = PBXContainerItemProxy;
			containerPortal = 8F410E3A1D7FA8F700E89DCD /* Project object */;
			proxyType = 1;
			remoteGlobalIDString = 8F410E411D7FA8F700E89DCD;
			remoteInfo = "swift-ios-collections-lab";
		};
/* End PBXContainerItemProxy section */

/* Begin PBXFileReference section */
		8F410E421D7FA8F700E89DCD /* swift-ios-collections-lab.app */ = {isa = PBXFileReference; explicitFileType = wrapper.application; includeInIndex = 0; path = "swift-ios-collections-lab.app"; sourceTree = BUILT_PRODUCTS_DIR; };
		8F410E451D7FA8F700E89DCD /* AppDelegate.swift */ = {isa = PBXFileReference; lastKnownFileType = sourcecode.swift; path = AppDelegate.swift; sourceTree = "<group>"; };
		8F410E471D7FA8F700E89DCD /* ViewController.swift */ = {isa = PBXFileReference; lastKnownFileType = sourcecode.swift; path = ViewController.swift; sourceTree = "<group>"; };
		8F410E4A1D7FA8F700E89DCD /* Base */ = {isa = PBXFileReference; lastKnownFileType = file.storyboard; name = Base; path = Base.lproj/Main.storyboard; sourceTree = "<group>"; };
		8F410E4C1D7FA8F700E89DCD /* Assets.xcassets */ = {isa = PBXFileReference; lastKnownFileType = folder.assetcatalog; path = Assets.xcassets; sourceTree = "<group>"; };
		8F410E4F1D7FA8F700E89DCD /* Base */ = {isa = PBXFileReference; lastKnownFileType = file.storyboard; name = Base; path = Base.lproj/LaunchScreen.storyboard; sourceTree = "<group>"; };
		8F410E511D7FA8F700E89DCD /* Info.plist */ = {isa = PBXFileReference; lastKnownFileType = text.plist.xml; path = Info.plist; sourceTree = "<group>"; };
		8F410E561D7FA8F700E89DCD /* swift-ios-collections-labTests.xctest */ = {isa = PBXFileReference; explicitFileType = wrapper.cfbundle; includeInIndex = 0; path = "swift-ios-collections-labTests.xctest"; sourceTree = BUILT_PRODUCTS_DIR; };
		8F410E5A1D7FA8F700E89DCD /* swift_ios_collections_labTests.swift */ = {isa = PBXFileReference; lastKnownFileType = sourcecode.swift; path = swift_ios_collections_labTests.swift; sourceTree = "<group>"; };
		8F410E5C1D7FA8F700E89DCD /* Info.plist */ = {isa = PBXFileReference; lastKnownFileType = text.plist.xml; path = Info.plist; sourceTree = "<group>"; };
		9C0CC31664397FD0082EDF92 /* Pods_swift_ios_collections_labTests.framework */ = {isa = PBXFileReference; explicitFileType = wrapper.framework; includeInIndex = 0; path = Pods_swift_ios_collections_labTests.framework; sourceTree = BUILT_PRODUCTS_DIR; };
		C1E81007AE433FE4ECE59303 /* Pods-swift-ios-collections-labTests.release.xcconfig */ = {isa = PBXFileReference; includeInIndex = 1; lastKnownFileType = text.xcconfig; name = "Pods-swift-ios-collections-labTests.release.xcconfig"; path = "Pods/Target Support Files/Pods-swift-ios-collections-labTests/Pods-swift-ios-collections-labTests.release.xcconfig"; sourceTree = "<group>"; };
		D98211344EAD46AE8D794A00 /* Pods_swift_ios_collections_lab.framework */ = {isa = PBXFileReference; explicitFileType = wrapper.framework; includeInIndex = 0; path = Pods_swift_ios_collections_lab.framework; sourceTree = BUILT_PRODUCTS_DIR; };
		E13CD77D38F45A30CD4343A7 /* Pods-swift-ios-collections-lab.release.xcconfig */ = {isa = PBXFileReference; includeInIndex = 1; lastKnownFileType = text.xcconfig; name = "Pods-swift-ios-collections-lab.release.xcconfig"; path = "Pods/Target Support Files/Pods-swift-ios-collections-lab/Pods-swift-ios-collections-lab.release.xcconfig"; sourceTree = "<group>"; };
		F4E379226D72A19078837811 /* Pods-swift-ios-collections-labTests.debug.xcconfig */ = {isa = PBXFileReference; includeInIndex = 1; lastKnownFileType = text.xcconfig; name = "Pods-swift-ios-collections-labTests.debug.xcconfig"; path = "Pods/Target Support Files/Pods-swift-ios-collections-labTests/Pods-swift-ios-collections-labTests.debug.xcconfig"; sourceTree = "<group>"; };
		F62CF71F1177F2881D1137A9 /* Pods-swift-ios-collections-lab.debug.xcconfig */ = {isa = PBXFileReference; includeInIndex = 1; lastKnownFileType = text.xcconfig; name = "Pods-swift-ios-collections-lab.debug.xcconfig"; path = "Pods/Target Support Files/Pods-swift-ios-collections-lab/Pods-swift-ios-collections-lab.debug.xcconfig"; sourceTree = "<group>"; };
/* End PBXFileReference section */

/* Begin PBXFrameworksBuildPhase section */
		8F410E3F1D7FA8F700E89DCD /* Frameworks */ = {
			isa = PBXFrameworksBuildPhase;
			buildActionMask = 2147483647;
			files = (
				0012D40E60939B14FB69AACC /* Pods_swift_ios_collections_lab.framework in Frameworks */,
			);
			runOnlyForDeploymentPostprocessing = 0;
		};
		8F410E531D7FA8F700E89DCD /* Frameworks */ = {
			isa = PBXFrameworksBuildPhase;
			buildActionMask = 2147483647;
			files = (
				22856DA0CAED140F6F582F78 /* Pods_swift_ios_collections_labTests.framework in Frameworks */,
			);
			runOnlyForDeploymentPostprocessing = 0;
		};
/* End PBXFrameworksBuildPhase section */

/* Begin PBXGroup section */
		4DEB937A837A88CEF50D5669 /* Pods */ = {
			isa = PBXGroup;
			children = (
				F62CF71F1177F2881D1137A9 /* Pods-swift-ios-collections-lab.debug.xcconfig */,
				E13CD77D38F45A30CD4343A7 /* Pods-swift-ios-collections-lab.release.xcconfig */,
				F4E379226D72A19078837811 /* Pods-swift-ios-collections-labTests.debug.xcconfig */,
				C1E81007AE433FE4ECE59303 /* Pods-swift-ios-collections-labTests.release.xcconfig */,
			);
			name = Pods;
			sourceTree = "<group>";
		};
		8F410E391D7FA8F700E89DCD = {
			isa = PBXGroup;
			children = (
				8F410E441D7FA8F700E89DCD /* swift-ios-collections-lab */,
				8F410E591D7FA8F700E89DCD /* swift-ios-collections-labTests */,
				8F410E431D7FA8F700E89DCD /* Products */,
				4DEB937A837A88CEF50D5669 /* Pods */,
				90BE78C9BA61F8C801245023 /* Frameworks */,
			);
			sourceTree = "<group>";
		};
		8F410E431D7FA8F700E89DCD /* Products */ = {
			isa = PBXGroup;
			children = (
				8F410E421D7FA8F700E89DCD /* swift-ios-collections-lab.app */,
				8F410E561D7FA8F700E89DCD /* swift-ios-collections-labTests.xctest */,
			);
			name = Products;
			sourceTree = "<group>";
		};
		8F410E441D7FA8F700E89DCD /* swift-ios-collections-lab */ = {
			isa = PBXGroup;
			children = (
				8F410E451D7FA8F700E89DCD /* AppDelegate.swift */,
				8F410E471D7FA8F700E89DCD /* ViewController.swift */,
				8F410E491D7FA8F700E89DCD /* Main.storyboard */,
				8F410E4C1D7FA8F700E89DCD /* Assets.xcassets */,
				8F410E4E1D7FA8F700E89DCD /* LaunchScreen.storyboard */,
				8F410E511D7FA8F700E89DCD /* Info.plist */,
			);
			path = "swift-ios-collections-lab";
			sourceTree = "<group>";
		};
		8F410E591D7FA8F700E89DCD /* swift-ios-collections-labTests */ = {
			isa = PBXGroup;
			children = (
				8F410E5A1D7FA8F700E89DCD /* swift_ios_collections_labTests.swift */,
				8F410E5C1D7FA8F700E89DCD /* Info.plist */,
			);
			path = "swift-ios-collections-labTests";
			sourceTree = "<group>";
		};
		90BE78C9BA61F8C801245023 /* Frameworks */ = {
			isa = PBXGroup;
			children = (
				D98211344EAD46AE8D794A00 /* Pods_swift_ios_collections_lab.framework */,
				9C0CC31664397FD0082EDF92 /* Pods_swift_ios_collections_labTests.framework */,
			);
			name = Frameworks;
			sourceTree = "<group>";
		};
/* End PBXGroup section */

/* Begin PBXNativeTarget section */
		8F410E411D7FA8F700E89DCD /* swift-ios-collections-lab */ = {
			isa = PBXNativeTarget;
			buildConfigurationList = 8F410E5F1D7FA8F700E89DCD /* Build configuration list for PBXNativeTarget "swift-ios-collections-lab" */;
			buildPhases = (
				71545A1A66E09127C6780301 /* [CP] Check Pods Manifest.lock */,
				8F410E3E1D7FA8F700E89DCD /* Sources */,
				8F410E3F1D7FA8F700E89DCD /* Frameworks */,
				8F410E401D7FA8F700E89DCD /* Resources */,
				E6290E460753CDBFB52092D3 /* [CP] Embed Pods Frameworks */,
				6E330FDFE7C08EB4332CD55B /* [CP] Copy Pods Resources */,
			);
			buildRules = (
			);
			dependencies = (
			);
			name = "swift-ios-collections-lab";
			productName = "swift-ios-collections-lab";
			productReference = 8F410E421D7FA8F700E89DCD /* swift-ios-collections-lab.app */;
			productType = "com.apple.product-type.application";
		};
		8F410E551D7FA8F700E89DCD /* swift-ios-collections-labTests */ = {
			isa = PBXNativeTarget;
			buildConfigurationList = 8F410E621D7FA8F700E89DCD /* Build configuration list for PBXNativeTarget "swift-ios-collections-labTests" */;
			buildPhases = (
				56155E6F863657F62B077980 /* [CP] Check Pods Manifest.lock */,
				8F410E521D7FA8F700E89DCD /* Sources */,
				8F410E531D7FA8F700E89DCD /* Frameworks */,
				8F410E541D7FA8F700E89DCD /* Resources */,
				ED6B3540D773DC271D9BE80F /* [CP] Embed Pods Frameworks */,
				C0A35D35953C6B5B399C3766 /* [CP] Copy Pods Resources */,
			);
			buildRules = (
			);
			dependencies = (
				8F410E581D7FA8F700E89DCD /* PBXTargetDependency */,
			);
			name = "swift-ios-collections-labTests";
			productName = "swift-ios-collections-labTests";
			productReference = 8F410E561D7FA8F700E89DCD /* swift-ios-collections-labTests.xctest */;
			productType = "com.apple.product-type.bundle.unit-test";
		};
/* End PBXNativeTarget section */

/* Begin PBXProject section */
		8F410E3A1D7FA8F700E89DCD /* Project object */ = {
			isa = PBXProject;
			attributes = {
				LastSwiftUpdateCheck = 0730;
				LastUpgradeCheck = 0730;
				ORGANIZATIONNAME = Johann;
				TargetAttributes = {
					8F410E411D7FA8F700E89DCD = {
						CreatedOnToolsVersion = 7.3.1;
					};
					8F410E551D7FA8F700E89DCD = {
						CreatedOnToolsVersion = 7.3.1;
						TestTargetID = 8F410E411D7FA8F700E89DCD;
					};
				};
			};
			buildConfigurationList = 8F410E3D1D7FA8F700E89DCD /* Build configuration list for PBXProject "swift-ios-collections-lab" */;
			compatibilityVersion = "Xcode 3.2";
			developmentRegion = English;
			hasScannedForEncodings = 0;
			knownRegions = (
				en,
				Base,
			);
			mainGroup = 8F410E391D7FA8F700E89DCD;
			productRefGroup = 8F410E431D7FA8F700E89DCD /* Products */;
			projectDirPath = "";
			projectRoot = "";
			targets = (
				8F410E411D7FA8F700E89DCD /* swift-ios-collections-lab */,
				8F410E551D7FA8F700E89DCD /* swift-ios-collections-labTests */,
			);
		};
/* End PBXProject section */

/* Begin PBXResourcesBuildPhase section */
		8F410E401D7FA8F700E89DCD /* Resources */ = {
			isa = PBXResourcesBuildPhase;
			buildActionMask = 2147483647;
			files = (
				8F410E501D7FA8F700E89DCD /* LaunchScreen.storyboard in Resources */,
				8F410E4D1D7FA8F700E89DCD /* Assets.xcassets in Resources */,
				8F410E4B1D7FA8F700E89DCD /* Main.storyboard in Resources */,
			);
			runOnlyForDeploymentPostprocessing = 0;
		};
		8F410E541D7FA8F700E89DCD /* Resources */ = {
			isa = PBXResourcesBuildPhase;
			buildActionMask = 2147483647;
			files = (
			);
			runOnlyForDeploymentPostprocessing = 0;
		};
/* End PBXResourcesBuildPhase section */

/* Begin PBXShellScriptBuildPhase section */
		56155E6F863657F62B077980 /* [CP] Check Pods Manifest.lock */ = {
			isa = PBXShellScriptBuildPhase;
			buildActionMask = 2147483647;
			files = (
			);
			inputPaths = (
			);
			name = "[CP] Check Pods Manifest.lock";
			outputPaths = (
			);
			runOnlyForDeploymentPostprocessing = 0;
			shellPath = /bin/sh;
			shellScript = "diff \"${PODS_ROOT}/../Podfile.lock\" \"${PODS_ROOT}/Manifest.lock\" > /dev/null\nif [[ $? != 0 ]] ; then\n    cat << EOM\nerror: The sandbox is not in sync with the Podfile.lock. Run 'pod install' or update your CocoaPods installation.\nEOM\n    exit 1\nfi\n";
			showEnvVarsInLog = 0;
		};
		6E330FDFE7C08EB4332CD55B /* [CP] Copy Pods Resources */ = {
			isa = PBXShellScriptBuildPhase;
			buildActionMask = 2147483647;
			files = (
			);
			inputPaths = (
			);
			name = "[CP] Copy Pods Resources";
			outputPaths = (
			);
			runOnlyForDeploymentPostprocessing = 0;
			shellPath = /bin/sh;
			shellScript = "\"${SRCROOT}/Pods/Target Support Files/Pods-swift-ios-collections-lab/Pods-swift-ios-collections-lab-resources.sh\"\n";
			showEnvVarsInLog = 0;
		};
		71545A1A66E09127C6780301 /* [CP] Check Pods Manifest.lock */ = {
			isa = PBXShellScriptBuildPhase;
			buildActionMask = 2147483647;
			files = (
			);
			inputPaths = (
			);
			name = "[CP] Check Pods Manifest.lock";
			outputPaths = (
			);
			runOnlyForDeploymentPostprocessing = 0;
			shellPath = /bin/sh;
			shellScript = "diff \"${PODS_ROOT}/../Podfile.lock\" \"${PODS_ROOT}/Manifest.lock\" > /dev/null\nif [[ $? != 0 ]] ; then\n    cat << EOM\nerror: The sandbox is not in sync with the Podfile.lock. Run 'pod install' or update your CocoaPods installation.\nEOM\n    exit 1\nfi\n";
			showEnvVarsInLog = 0;
		};
		C0A35D35953C6B5B399C3766 /* [CP] Copy Pods Resources */ = {
			isa = PBXShellScriptBuildPhase;
			buildActionMask = 2147483647;
			files = (
			);
			inputPaths = (
			);
			name = "[CP] Copy Pods Resources";
			outputPaths = (
			);
			runOnlyForDeploymentPostprocessing = 0;
			shellPath = /bin/sh;
			shellScript = "\"${SRCROOT}/Pods/Target Support Files/Pods-swift-ios-collections-labTests/Pods-swift-ios-collections-labTests-resources.sh\"\n";
			showEnvVarsInLog = 0;
		};
		E6290E460753CDBFB52092D3 /* [CP] Embed Pods Frameworks */ = {
			isa = PBXShellScriptBuildPhase;
			buildActionMask = 2147483647;
			files = (
			);
			inputPaths = (
			);
			name = "[CP] Embed Pods Frameworks";
			outputPaths = (
			);
			runOnlyForDeploymentPostprocessing = 0;
			shellPath = /bin/sh;
			shellScript = "\"${SRCROOT}/Pods/Target Support Files/Pods-swift-ios-collections-lab/Pods-swift-ios-collections-lab-frameworks.sh\"\n";
			showEnvVarsInLog = 0;
		};
		ED6B3540D773DC271D9BE80F /* [CP] Embed Pods Frameworks */ = {
			isa = PBXShellScriptBuildPhase;
			buildActionMask = 2147483647;
			files = (
			);
			inputPaths = (
			);
			name = "[CP] Embed Pods Frameworks";
			outputPaths = (
			);
			runOnlyForDeploymentPostprocessing = 0;
			shellPath = /bin/sh;
			shellScript = "\"${SRCROOT}/Pods/Target Support Files/Pods-swift-ios-collections-labTests/Pods-swift-ios-collections-labTests-frameworks.sh\"\n";
			showEnvVarsInLog = 0;
		};
/* End PBXShellScriptBuildPhase section */

/* Begin PBXSourcesBuildPhase section */
		8F410E3E1D7FA8F700E89DCD /* Sources */ = {
			isa = PBXSourcesBuildPhase;
			buildActionMask = 2147483647;
			files = (
				8F410E481D7FA8F700E89DCD /* ViewController.swift in Sources */,
				8F410E461D7FA8F700E89DCD /* AppDelegate.swift in Sources */,
			);
			runOnlyForDeploymentPostprocessing = 0;
		};
		8F410E521D7FA8F700E89DCD /* Sources */ = {
			isa = PBXSourcesBuildPhase;
			buildActionMask = 2147483647;
			files = (
				8F410E5B1D7FA8F700E89DCD /* swift_ios_collections_labTests.swift in Sources */,
			);
			runOnlyForDeploymentPostprocessing = 0;
		};
/* End PBXSourcesBuildPhase section */

/* Begin PBXTargetDependency section */
		8F410E581D7FA8F700E89DCD /* PBXTargetDependency */ = {
			isa = PBXTargetDependency;
			target = 8F410E411D7FA8F700E89DCD /* swift-ios-collections-lab */;
			targetProxy = 8F410E571D7FA8F700E89DCD /* PBXContainerItemProxy */;
		};
/* End PBXTargetDependency section */

/* Begin PBXVariantGroup section */
		8F410E491D7FA8F700E89DCD /* Main.storyboard */ = {
			isa = PBXVariantGroup;
			children = (
				8F410E4A1D7FA8F700E89DCD /* Base */,
			);
			name = Main.storyboard;
			sourceTree = "<group>";
		};
		8F410E4E1D7FA8F700E89DCD /* LaunchScreen.storyboard */ = {
			isa = PBXVariantGroup;
			children = (
				8F410E4F1D7FA8F700E89DCD /* Base */,
			);
			name = LaunchScreen.storyboard;
			sourceTree = "<group>";
		};
/* End PBXVariantGroup section */

/* Begin XCBuildConfiguration section */
		8F410E5D1D7FA8F700E89DCD /* Debug */ = {
			isa = XCBuildConfiguration;
			buildSettings = {
				ALWAYS_SEARCH_USER_PATHS = NO;
				CLANG_ANALYZER_NONNULL = YES;
				CLANG_CXX_LANGUAGE_STANDARD = "gnu++0x";
				CLANG_CXX_LIBRARY = "libc++";
				CLANG_ENABLE_MODULES = YES;
				CLANG_ENABLE_OBJC_ARC = YES;
				CLANG_WARN_BOOL_CONVERSION = YES;
				CLANG_WARN_CONSTANT_CONVERSION = YES;
				CLANG_WARN_DIRECT_OBJC_ISA_USAGE = YES_ERROR;
				CLANG_WARN_EMPTY_BODY = YES;
				CLANG_WARN_ENUM_CONVERSION = YES;
				CLANG_WARN_INT_CONVERSION = YES;
				CLANG_WARN_OBJC_ROOT_CLASS = YES_ERROR;
				CLANG_WARN_UNREACHABLE_CODE = YES;
				CLANG_WARN__DUPLICATE_METHOD_MATCH = YES;
				"CODE_SIGN_IDENTITY[sdk=iphoneos*]" = "iPhone Developer";
				COPY_PHASE_STRIP = NO;
				DEBUG_INFORMATION_FORMAT = dwarf;
				ENABLE_STRICT_OBJC_MSGSEND = YES;
				ENABLE_TESTABILITY = YES;
				GCC_C_LANGUAGE_STANDARD = gnu99;
				GCC_DYNAMIC_NO_PIC = NO;
				GCC_NO_COMMON_BLOCKS = YES;
				GCC_OPTIMIZATION_LEVEL = 0;
				GCC_PREPROCESSOR_DEFINITIONS = (
					"DEBUG=1",
					"$(inherited)",
				);
				GCC_WARN_64_TO_32_BIT_CONVERSION = YES;
				GCC_WARN_ABOUT_RETURN_TYPE = YES_ERROR;
				GCC_WARN_UNDECLARED_SELECTOR = YES;
				GCC_WARN_UNINITIALIZED_AUTOS = YES_AGGRESSIVE;
				GCC_WARN_UNUSED_FUNCTION = YES;
				GCC_WARN_UNUSED_VARIABLE = YES;
				IPHONEOS_DEPLOYMENT_TARGET = 9.3;
				MTL_ENABLE_DEBUG_INFO = YES;
				ONLY_ACTIVE_ARCH = YES;
				SDKROOT = iphoneos;
				SWIFT_OPTIMIZATION_LEVEL = "-Onone";
			};
			name = Debug;
		};
		8F410E5E1D7FA8F700E89DCD /* Release */ = {
			isa = XCBuildConfiguration;
			buildSettings = {
				ALWAYS_SEARCH_USER_PATHS = NO;
				CLANG_ANALYZER_NONNULL = YES;
				CLANG_CXX_LANGUAGE_STANDARD = "gnu++0x";
				CLANG_CXX_LIBRARY = "libc++";
				CLANG_ENABLE_MODULES = YES;
				CLANG_ENABLE_OBJC_ARC = YES;
				CLANG_WARN_BOOL_CONVERSION = YES;
				CLANG_WARN_CONSTANT_CONVERSION = YES;
				CLANG_WARN_DIRECT_OBJC_ISA_USAGE = YES_ERROR;
				CLANG_WARN_EMPTY_BODY = YES;
				CLANG_WARN_ENUM_CONVERSION = YES;
				CLANG_WARN_INT_CONVERSION = YES;
				CLANG_WARN_OBJC_ROOT_CLASS = YES_ERROR;
				CLANG_WARN_UNREACHABLE_CODE = YES;
				CLANG_WARN__DUPLICATE_METHOD_MATCH = YES;
				"CODE_SIGN_IDENTITY[sdk=iphoneos*]" = "iPhone Developer";
				COPY_PHASE_STRIP = NO;
				DEBUG_INFORMATION_FORMAT = "dwarf-with-dsym";
				ENABLE_NS_ASSERTIONS = NO;
				ENABLE_STRICT_OBJC_MSGSEND = YES;
				GCC_C_LANGUAGE_STANDARD = gnu99;
				GCC_NO_COMMON_BLOCKS = YES;
				GCC_WARN_64_TO_32_BIT_CONVERSION = YES;
				GCC_WARN_ABOUT_RETURN_TYPE = YES_ERROR;
				GCC_WARN_UNDECLARED_SELECTOR = YES;
				GCC_WARN_UNINITIALIZED_AUTOS = YES_AGGRESSIVE;
				GCC_WARN_UNUSED_FUNCTION = YES;
				GCC_WARN_UNUSED_VARIABLE = YES;
				IPHONEOS_DEPLOYMENT_TARGET = 9.3;
				MTL_ENABLE_DEBUG_INFO = NO;
				SDKROOT = iphoneos;
				VALIDATE_PRODUCT = YES;
			};
			name = Release;
		};
		8F410E601D7FA8F700E89DCD /* Debug */ = {
			isa = XCBuildConfiguration;
			baseConfigurationReference = F62CF71F1177F2881D1137A9 /* Pods-swift-ios-collections-lab.debug.xcconfig */;
			buildSettings = {
				ASSETCATALOG_COMPILER_APPICON_NAME = AppIcon;
				INFOPLIST_FILE = "swift-ios-collections-lab/Info.plist";
				LD_RUNPATH_SEARCH_PATHS = "$(inherited) @executable_path/Frameworks";
				PRODUCT_BUNDLE_IDENTIFIER = "com.johannkerr.swift-ios-collections-lab";
				PRODUCT_NAME = "$(TARGET_NAME)";
			};
			name = Debug;
		};
		8F410E611D7FA8F700E89DCD /* Release */ = {
			isa = XCBuildConfiguration;
			baseConfigurationReference = E13CD77D38F45A30CD4343A7 /* Pods-swift-ios-collections-lab.release.xcconfig */;
			buildSettings = {
				ASSETCATALOG_COMPILER_APPICON_NAME = AppIcon;
				INFOPLIST_FILE = "swift-ios-collections-lab/Info.plist";
				LD_RUNPATH_SEARCH_PATHS = "$(inherited) @executable_path/Frameworks";
				PRODUCT_BUNDLE_IDENTIFIER = "com.johannkerr.swift-ios-collections-lab";
				PRODUCT_NAME = "$(TARGET_NAME)";
			};
			name = Release;
		};
		8F410E631D7FA8F700E89DCD /* Debug */ = {
			isa = XCBuildConfiguration;
			baseConfigurationReference = F4E379226D72A19078837811 /* Pods-swift-ios-collections-labTests.debug.xcconfig */;
			buildSettings = {
				BUNDLE_LOADER = "$(TEST_HOST)";
				INFOPLIST_FILE = "swift-ios-collections-labTests/Info.plist";
				LD_RUNPATH_SEARCH_PATHS = "$(inherited) @executable_path/Frameworks @loader_path/Frameworks";
				PRODUCT_BUNDLE_IDENTIFIER = "com.johannkerr.swift-ios-collections-labTests";
				PRODUCT_NAME = "$(TARGET_NAME)";
				TEST_HOST = "$(BUILT_PRODUCTS_DIR)/swift-ios-collections-lab.app/swift-ios-collections-lab";
			};
			name = Debug;
		};
		8F410E641D7FA8F700E89DCD /* Release */ = {
			isa = XCBuildConfiguration;
			baseConfigurationReference = C1E81007AE433FE4ECE59303 /* Pods-swift-ios-collections-labTests.release.xcconfig */;
			buildSettings = {
				BUNDLE_LOADER = "$(TEST_HOST)";
				INFOPLIST_FILE = "swift-ios-collections-labTests/Info.plist";
				LD_RUNPATH_SEARCH_PATHS = "$(inherited) @executable_path/Frameworks @loader_path/Frameworks";
				PRODUCT_BUNDLE_IDENTIFIER = "com.johannkerr.swift-ios-collections-labTests";
				PRODUCT_NAME = "$(TARGET_NAME)";
				TEST_HOST = "$(BUILT_PRODUCTS_DIR)/swift-ios-collections-lab.app/swift-ios-collections-lab";
			};
			name = Release;
		};
/* End XCBuildConfiguration section */

/* Begin XCConfigurationList section */
		8F410E3D1D7FA8F700E89DCD /* Build configuration list for PBXProject "swift-ios-collections-lab" */ = {
			isa = XCConfigurationList;
			buildConfigurations = (
				8F410E5D1D7FA8F700E89DCD /* Debug */,
				8F410E5E1D7FA8F700E89DCD /* Release */,
			);
			defaultConfigurationIsVisible = 0;
			defaultConfigurationName = Release;
		};
		8F410E5F1D7FA8F700E89DCD /* Build configuration list for PBXNativeTarget "swift-ios-collections-lab" */ = {
			isa = XCConfigurationList;
			buildConfigurations = (
				8F410E601D7FA8F700E89DCD /* Debug */,
				8F410E611D7FA8F700E89DCD /* Release */,
			);
			defaultConfigurationIsVisible = 0;
			defaultConfigurationName = Release;
		};
		8F410E621D7FA8F700E89DCD /* Build configuration list for PBXNativeTarget "swift-ios-collections-labTests" */ = {
			isa = XCConfigurationList;
			buildConfigurations = (
				8F410E631D7FA8F700E89DCD /* Debug */,
				8F410E641D7FA8F700E89DCD /* Release */,
			);
			defaultConfigurationIsVisible = 0;
			defaultConfigurationName = Release;
		};
/* End XCConfigurationList section */
	};
	rootObject = 8F410E3A1D7FA8F700E89DCD /* Project object */;
}
